{
  "requires": true,
  "lockfileVersion": 1,
  "dependencies": {
    "base64mime": {
      "version": "0.0.3",
      "resolved": "https://registry.npmjs.org/base64mime/-/base64mime-0.0.3.tgz",
      "integrity": "sha1-BuPtEEzF0bPf/mZ6kEMLaHjsys0="
    },
    "bulma": {
      "version": "0.9.2",
      "resolved": "https://registry.npmjs.org/bulma/-/bulma-0.9.2.tgz",
      "integrity": "sha512-e14EF+3VSZ488yL/lJH0tR8mFWiEQVCMi/BQUMi2TGMBOk+zrDg4wryuwm/+dRSHJw0gMawp2tsW7X1JYUCE3A=="
    },
    "js-oop": {
      "version": "1.0.0",
      "resolved": "https://registry.npmjs.org/js-oop/-/js-oop-1.0.0.tgz",
      "integrity": "sha1-dU+lwuRJC9sfnTAIRJQ3GrcPF6Y="
    },
    "preloader": {
      "version": "4.0.3",
      "resolved": "https://registry.npmjs.org/preloader/-/preloader-4.0.3.tgz",
      "integrity": "sha512-S6DHa/RdSJMfp8JyBhyi300ZzJ8FxOdnxhq6beYAtrNzMss0blVtJtWN0yaPNBJJQ0rtU8C2A9mO0U5CFnWN7g==",
      "requires": {
        "base64mime": "0.0.3",
        "js-oop": "^1.0.0"
      }
    }
  }
}
